
Microsoft Visual Studio Solution File, Format Version 12.00
# Visual Studio 15
VisualStudioVersion = 15.0.28010.2036
MinimumVisualStudioVersion = 10.0.40219.1
Project("{FAE04EC0-301F-11D3-BF4B-00C04F79EFBC}") = "CSharpTraining", "CSharpTraining\CSharpTraining.csproj", "{B9BE6727-CDE9-47FF-8692-826B51606FEC}"
EndProject
Project("{2150E333-8FDC-42A3-9474-1A3956D46DE8}") = "Characters", "Characters", "{941C062D-A68B-42D0-A4B3-7C6AB1052746}"
EndProject
Project("{FAE04EC0-301F-11D3-BF4B-00C04F79EFBC}") = "Reverse Order", "Reverse Order\Reverse Order.csproj", "{391BA4F3-B721-49F0-A2C9-23EE672290D6}"
EndProject
Project("{2150E333-8FDC-42A3-9474-1A3956D46DE8}") = "Arthematic Equation", "Arthematic Equation", "{D873BBE9-AD55-4E01-8081-E8497B3BE4D1}"
EndProject
Project("{FAE04EC0-301F-11D3-BF4B-00C04F79EFBC}") = "Basic Operations", "Basic Operations\Basic Operations.csproj", "{D715F822-772C-47A9-B8BA-5067F27FEB4C}"
EndProject
Project("{FAE04EC0-301F-11D3-BF4B-00C04F79EFBC}") = "Calculator", "Calculator\Calculator.csproj", "{0F360A91-C497-49C8-9E1C-F1DD9724850B}"
EndProject
Project("{FAE04EC0-301F-11D3-BF4B-00C04F79EFBC}") = "Absolute Difference", "Absolute Difference\Absolute Difference.csproj", "{0A8A2043-10DF-49EE-A78F-4793390A7F50}"
EndProject
Project("{FAE04EC0-301F-11D3-BF4B-00C04F79EFBC}") = "Century from a year", "Century from a year\Century from a year.csproj", "{B0A1750F-3120-4EF3-9F3F-C18127BB2FF5}"
EndProject
Project("{FAE04EC0-301F-11D3-BF4B-00C04F79EFBC}") = "Number Greater Than A Number", "Number Greater Than A Number\Number Greater Than A Number.csproj", "{878EF494-55C8-4130-9D6C-F405B7EB0099}"
EndProject
Project("{FAE04EC0-301F-11D3-BF4B-00C04F79EFBC}") = "Sum Of Prime Number", "Sum Of Prime Number\Sum Of Prime Number.csproj", "{50C97EB4-A94E-45AB-BF66-1F630C3780E0}"
EndProject
Project("{FAE04EC0-301F-11D3-BF4B-00C04F79EFBC}") = "Sum of digits", "Sum of digits\Sum of digits.csproj", "{5EE6AE24-FA50-4A25-83A5-615BD5489EE0}"
EndProject
Project("{2150E333-8FDC-42A3-9474-1A3956D46DE8}") = "Arthematic Operation", "Arthematic Operation", "{5497E517-82D3-42BC-8765-33EEED30736B}"
EndProject
Project("{FAE04EC0-301F-11D3-BF4B-00C04F79EFBC}") = "Simple Operations", "Simple Operations\Simple Operations.csproj", "{2A4EF249-B642-4276-B331-64C1EA1EF1AE}"
EndProject
Project("{FAE04EC0-301F-11D3-BF4B-00C04F79EFBC}") = "Sum Of Integers", "Sum Of Integers\Sum Of Integers.csproj", "{704300D2-716C-47FF-888B-913A7AA88C40}"
EndProject
Project("{FAE04EC0-301F-11D3-BF4B-00C04F79EFBC}") = "Multiple of 3 or  7", "Multiple of 3 or  7\Multiple of 3 or  7.csproj", "{5BFFC581-852F-49E7-9B86-6A3ECC41FA0D}"
EndProject
Project("{FAE04EC0-301F-11D3-BF4B-00C04F79EFBC}") = "Multiplication Table", "Multiplication Table\Multiplication Table.csproj", "{78652E15-75DC-469A-940E-94CBE1EC1D23}"
EndProject
Project("{FAE04EC0-301F-11D3-BF4B-00C04F79EFBC}") = "Nearest 20", "Nearest 20\Nearest 20.csproj", "{A9592BCF-B761-44ED-9E51-961D8254FA3A}"
EndProject
Project("{FAE04EC0-301F-11D3-BF4B-00C04F79EFBC}") = "Odd Numbers", "Odd Numbers\Odd Numbers.csproj", "{492A6A59-182D-4600-B2D6-FEF908739A9A}"
EndProject
Project("{2150E333-8FDC-42A3-9474-1A3956D46DE8}") = "Pattern", "Pattern", "{449561B5-3EBB-4191-A096-3917460F7B30}"
EndProject
Project("{FAE04EC0-301F-11D3-BF4B-00C04F79EFBC}") = "Pattern", "Pattern\Pattern.csproj", "{DD24288C-477F-4B78-96A4-06752D081310}"
EndProject
Project("{2150E333-8FDC-42A3-9474-1A3956D46DE8}") = "Type Conversion", "Type Conversion", "{A5BC6944-C7EE-4942-B5D4-B4B5D32DCC28}"
EndProject
Project("{FAE04EC0-301F-11D3-BF4B-00C04F79EFBC}") = "HexaDecimal into Decimal", "HexaDecimal into Decimal\HexaDecimal into Decimal.csproj", "{EF9342F8-E5E3-4AF5-948D-5F0CCF9F7FF5}"
EndProject
Project("{2150E333-8FDC-42A3-9474-1A3956D46DE8}") = "String", "String", "{6CED18E8-917E-4DDB-B3EF-46AC5785AE9C}"
EndProject
Project("{FAE04EC0-301F-11D3-BF4B-00C04F79EFBC}") = "3w in a row", "3w in a row\3w in a row.csproj", "{5132D53C-F930-4AF0-87BD-13033A2F41C6}"
EndProject
Project("{FAE04EC0-301F-11D3-BF4B-00C04F79EFBC}") = "Adding Character at start and at end", "Adding Character at start and at end\Adding Character at start and at end.csproj", "{92ECB858-71D9-4E1E-9B5A-AF49E19DA4FB}"
EndProject
Project("{FAE04EC0-301F-11D3-BF4B-00C04F79EFBC}") = "Changing string character", "Changing string character\Changing string character.csproj", "{6F4DF29A-96A0-4D96-AD52-21594FE9BA6A}"
EndProject
Project("{FAE04EC0-301F-11D3-BF4B-00C04F79EFBC}") = "Concatenating String and Integer", "Concatenating String and Integer\Concatenating String and Integer.csproj", "{382E95B8-11D4-41FE-85B6-94F5D53FFA94}"
EndProject
Project("{FAE04EC0-301F-11D3-BF4B-00C04F79EFBC}") = "First four characters of a string", "First four characters of a string\First four characters of a string.csproj", "{BB2E4494-71C8-4EF3-9826-47FEBCCB1834}"
EndProject
Project("{FAE04EC0-301F-11D3-BF4B-00C04F79EFBC}") = "Last Four Character", "Last Four Character\Last Four Character.csproj", "{E9DCBF7D-190C-4152-A79B-7B00BBC4A19C}"
EndProject
Project("{FAE04EC0-301F-11D3-BF4B-00C04F79EFBC}") = "Number of character in a string", "Number of character in a string\Number of character in a string.csproj", "{F4A34434-4A7A-4C58-A1C4-05A04431D99C}"
EndProject
Project("{FAE04EC0-301F-11D3-BF4B-00C04F79EFBC}") = "Odd character of string", "Odd character of string\Odd character of string.csproj", "{6EA0E569-8A3A-404C-9DEE-55368F026AD1}"
EndProject
Project("{FAE04EC0-301F-11D3-BF4B-00C04F79EFBC}") = "Palindrome", "Pslindrome\Palindrome.csproj", "{ED565502-EA78-4E77-9CE9-D0CE4C7FB6D5}"
EndProject
Project("{FAE04EC0-301F-11D3-BF4B-00C04F79EFBC}") = "Reversing Words Of Sentance", "Reversing Words Of Sentance\Reversing Words Of Sentance.csproj", "{8A1A9088-34A3-459C-8C55-CA5D5226D650}"
EndProject
Project("{FAE04EC0-301F-11D3-BF4B-00C04F79EFBC}") = "Starting Word", "Starting Word\Starting Word.csproj", "{BCF76848-08F9-43EB-AAB2-DE9F166A74FD}"
EndProject
Project("{FAE04EC0-301F-11D3-BF4B-00C04F79EFBC}") = "Swapping first and last char of string", "Swapping first and last char of string\Swapping first and last char of string.csproj", "{5A1B0253-EC3D-47E8-85B5-8C2E00810AA0}"
EndProject
Project("{FAE04EC0-301F-11D3-BF4B-00C04F79EFBC}") = "The longest word", "The longest word\The longest word.csproj", "{EC362AD6-3313-404B-90A7-40CA9568B1A4}"
EndProject
Project("{FAE04EC0-301F-11D3-BF4B-00C04F79EFBC}") = "To lower case", "To lower case\To lower case.csproj", "{235CCF45-7FCE-4C9F-B8BA-F3CAC26E1E80}"
EndProject
Project("{FAE04EC0-301F-11D3-BF4B-00C04F79EFBC}") = "User login", "User login\User login.csproj", "{8BD4E365-2D36-4B11-A8C1-8AD3C6192234}"
EndProject
Project("{2150E333-8FDC-42A3-9474-1A3956D46DE8}") = "Array", "Array", "{B5DB20EE-FF7A-4AEF-AEF0-F3F33CE023CD}"
EndProject
Project("{FAE04EC0-301F-11D3-BF4B-00C04F79EFBC}") = "Array contains odd numbers", "Array contains odd numbers\Array contains odd numbers.csproj", "{5FE3FA16-8650-41CA-89B3-0CE0492F1F9C}"
EndProject
Project("{FAE04EC0-301F-11D3-BF4B-00C04F79EFBC}") = "Average of numbers", "Average of numbers\Average of numbers.csproj", "{598557DA-D5FD-4EBF-86DC-57ACB5B25935}"
EndProject
Project("{FAE04EC0-301F-11D3-BF4B-00C04F79EFBC}") = "Check sum or an integer", "Check sum or an integer\Check sum or an integer.csproj", "{6B50E4E3-B80C-416E-9089-503031CF09B7}"
EndProject
Project("{FAE04EC0-301F-11D3-BF4B-00C04F79EFBC}") = "First and Last element", "First and Last element\First and Last element.csproj", "{7A7AA647-6CC7-4889-94A1-D1824569B9F0}"
EndProject
Project("{FAE04EC0-301F-11D3-BF4B-00C04F79EFBC}") = "First or last", "First or last\First or last.csproj", "{386D7452-8C59-4121-8CFE-43260A2A35B8}"
EndProject
Project("{FAE04EC0-301F-11D3-BF4B-00C04F79EFBC}") = "Integer missing in range", "Integer missing in range\Integer missing in range.csproj", "{8F19FD3C-C067-4548-9A50-1730FF082F36}"
EndProject
Project("{FAE04EC0-301F-11D3-BF4B-00C04F79EFBC}") = "Largest and lowest among three", "Largest and lowest among three\Largest and lowest among three.csproj", "{C8849F72-9B01-4185-AF64-CE1DB99D7C76}"
EndProject
Project("{FAE04EC0-301F-11D3-BF4B-00C04F79EFBC}") = "Largest product of adjacent number", "Largest product of adjacent number\Largest product of adjacent number.csproj", "{AE8A9651-1EE3-40C6-8015-AF92AD4A026A}"
EndProject
Project("{FAE04EC0-301F-11D3-BF4B-00C04F79EFBC}") = "Missing number in a range", "Missing number in a range\Missing number in a range.csproj", "{B0CD3CC8-920D-457D-9708-33F2DBD7C568}"
EndProject
Project("{FAE04EC0-301F-11D3-BF4B-00C04F79EFBC}") = "Multiplying indexes of Arrays", "Multiplying indexes of Arrays\Multiplying indexes of Arrays.csproj", "{67C30017-8172-497D-8566-F2ACC88D6922}"
EndProject
Project("{FAE04EC0-301F-11D3-BF4B-00C04F79EFBC}") = "No. of times the integer in array", "No. of times the integer in array\No. of times the integer in array.csproj", "{D00EEC29-AF31-4F4F-B895-E8F3AFACF849}"
EndProject
Project("{FAE04EC0-301F-11D3-BF4B-00C04F79EFBC}") = "Rectangular Matrix Element Sum", "Rectangular Matrix Element Sum\Rectangular Matrix Element Sum.csproj", "{946B99ED-F6C8-4405-93AE-E3A9E5AC12B2}"
EndProject
Project("{FAE04EC0-301F-11D3-BF4B-00C04F79EFBC}") = "Rotate Array of integers in left direction", "Rotate Array of integers in left direction\Rotate Array of integers in left direction.csproj", "{71545152-6866-49F6-AEB7-22C68F99F241}"
EndProject
Project("{FAE04EC0-301F-11D3-BF4B-00C04F79EFBC}") = "Sorting array without moving -5", "Sorting array without moving -5\Sorting array without moving -5.csproj", "{9C328A32-47AB-42DA-A747-6F11240A94B2}"
EndProject
Project("{FAE04EC0-301F-11D3-BF4B-00C04F79EFBC}") = "Sum of element of array", "Sum of element of array\Sum of element of array.csproj", "{87B35913-BF68-4E97-9FFD-0C71362240E7}"
EndProject
Project("{2150E333-8FDC-42A3-9474-1A3956D46DE8}") = "Structure", "Structure", "{517E1754-4E44-4C33-A183-86F8B9E12306}"
EndProject
Project("{FAE04EC0-301F-11D3-BF4B-00C04F79EFBC}") = "Display book info", "Display book info\Display book info.csproj", "{B38D4122-F232-4C31-A842-688FCD6A57EC}"
EndProject
Project("{FAE04EC0-301F-11D3-BF4B-00C04F79EFBC}") = "Struct intialization without new Keyword", "Struct intialization without new Keyword\Struct intialization without new Keyword.csproj", "{752F692F-D634-4727-8D26-B1A9549C2AFF}"
EndProject
Project("{FAE04EC0-301F-11D3-BF4B-00C04F79EFBC}") = "Method Returning Structure", "Method Returning Structure\Method Returning Structure.csproj", "{77624063-83B1-45BE-B8A0-F1EBE02294BE}"
EndProject
Project("{FAE04EC0-301F-11D3-BF4B-00C04F79EFBC}") = "Property Methods and Field", "Property Methods and Field\Property Methods and Field.csproj", "{D328AA53-A5D1-4798-A4F5-452485676A2E}"
EndProject
Project("{FAE04EC0-301F-11D3-BF4B-00C04F79EFBC}") = "Simple Structure", "Simple Structure\Simple Structure.csproj", "{27A6BCED-FB97-41A6-BDA7-B958D58D5521}"
EndProject
Project("{FAE04EC0-301F-11D3-BF4B-00C04F79EFBC}") = "Static Fields in structure", "Static Fields in structure\Static Fields in structure.csproj", "{35DC84A5-718C-416D-A4E3-FD3FDA86B97A}"
EndProject
Project("{FAE04EC0-301F-11D3-BF4B-00C04F79EFBC}") = "Structure And Class", "Structure And Class\Structure And Class.csproj", "{25239F09-62FE-4EEF-B310-759D6A0422AD}"
EndProject
Project("{FAE04EC0-301F-11D3-BF4B-00C04F79EFBC}") = "Struct Initialization", "Struct Initialization\Struct Initialization.csproj", "{B2C3EABC-E527-4FB7-B1FB-A53E275D0A43}"
EndProject
Project("{FAE04EC0-301F-11D3-BF4B-00C04F79EFBC}") = "Structure objects", "Structure object\Structure objects.csproj", "{5BABE266-F0FE-4E34-97A0-9445D0D5655D}"
EndProject
Project("{2150E333-8FDC-42A3-9474-1A3956D46DE8}") = "Abstract Class", "Abstract Class", "{DCC67476-A810-4E74-9F98-2D2A42E25878}"
EndProject
Project("{FAE04EC0-301F-11D3-BF4B-00C04F79EFBC}") = "Area of square", "Area of square\Area of square.csproj", "{5DA90F91-0897-4656-B27B-68381E280614}"
EndProject
Project("{FAE04EC0-301F-11D3-BF4B-00C04F79EFBC}") = "Abstract class implementation", "Abstract class implementation\Abstract class implementation.csproj", "{8ADD9168-74F8-4E77-AF6D-E891E750644D}"
EndProject
Project("{2150E333-8FDC-42A3-9474-1A3956D46DE8}") = "Inheritance", "Inheritance", "{0D4E7EAB-84CA-43CF-ABF9-C782F836928C}"
EndProject
Project("{FAE04EC0-301F-11D3-BF4B-00C04F79EFBC}") = "Create Laptop", "Create Laptop\Create Laptop.csproj", "{85B42CF5-5233-4B9F-B43C-F6FB5A9AF3A7}"
EndProject
Project("{2150E333-8FDC-42A3-9474-1A3956D46DE8}") = "Polymorphism", "Polymorphism", "{0E423CA7-8389-4C3A-A9A5-011D54AA2D0E}"
EndProject
Project("{FAE04EC0-301F-11D3-BF4B-00C04F79EFBC}") = "Function Overloading", "Convert int to string\Function Overloading.csproj", "{BA93F433-726E-4F92-8A50-25D457B7F8FA}"
EndProject
Project("{2150E333-8FDC-42A3-9474-1A3956D46DE8}") = "Delegate", "Delegate", "{0AB0547B-831E-4FF6-AD44-705D6FF232C8}"
EndProject
Project("{FAE04EC0-301F-11D3-BF4B-00C04F79EFBC}") = "Calculator using Delegate", "Calculator using Delegate\Calculator using Delegate.csproj", "{0C3C7D09-30A7-47F1-8034-B24EB1294D66}"
EndProject
Project("{FAE04EC0-301F-11D3-BF4B-00C04F79EFBC}") = "Number of spaces", "Number of spaces\Number of spaces.csproj", "{5C49C681-069A-4718-BA47-4416DEB47B16}"
EndProject
Project("{FAE04EC0-301F-11D3-BF4B-00C04F79EFBC}") = "Display Array Elements", "Display Array Elements\Display Array Elements.csproj", "{37BC20B1-1DAF-4DE6-9A16-4493A1886047}"
EndProject
Project("{FAE04EC0-301F-11D3-BF4B-00C04F79EFBC}") = "Display araay element in reverse order", "Display araay element in reverse order\Display araay element in reverse order.csproj", "{80475A1E-C824-4CE9-9073-599EC1AA9B9E}"
EndProject
Project("{FAE04EC0-301F-11D3-BF4B-00C04F79EFBC}") = "Copying Array Data", "Copying Array Data\Copying Array Data.csproj", "{C6B345EB-425E-4D88-9CEE-A9B82D36593D}"
EndProject
Project("{FAE04EC0-301F-11D3-BF4B-00C04F79EFBC}") = "Duplicate numbers in array", "Duplicate numbers in array\Duplicate numbers in array.csproj", "{5B0739CA-6BE6-4FFC-ADD0-922A60C180A7}"
EndProject
Global
	GlobalSection(SolutionConfigurationPlatforms) = preSolution
		Debug|Any CPU = Debug|Any CPU
		Release|Any CPU = Release|Any CPU
	EndGlobalSection
	GlobalSection(ProjectConfigurationPlatforms) = postSolution
		{B9BE6727-CDE9-47FF-8692-826B51606FEC}.Debug|Any CPU.ActiveCfg = Debug|Any CPU
		{B9BE6727-CDE9-47FF-8692-826B51606FEC}.Debug|Any CPU.Build.0 = Debug|Any CPU
		{B9BE6727-CDE9-47FF-8692-826B51606FEC}.Release|Any CPU.ActiveCfg = Release|Any CPU
		{B9BE6727-CDE9-47FF-8692-826B51606FEC}.Release|Any CPU.Build.0 = Release|Any CPU
		{391BA4F3-B721-49F0-A2C9-23EE672290D6}.Debug|Any CPU.ActiveCfg = Debug|Any CPU
		{391BA4F3-B721-49F0-A2C9-23EE672290D6}.Debug|Any CPU.Build.0 = Debug|Any CPU
		{391BA4F3-B721-49F0-A2C9-23EE672290D6}.Release|Any CPU.ActiveCfg = Release|Any CPU
		{391BA4F3-B721-49F0-A2C9-23EE672290D6}.Release|Any CPU.Build.0 = Release|Any CPU
		{D715F822-772C-47A9-B8BA-5067F27FEB4C}.Debug|Any CPU.ActiveCfg = Debug|Any CPU
		{D715F822-772C-47A9-B8BA-5067F27FEB4C}.Debug|Any CPU.Build.0 = Debug|Any CPU
		{D715F822-772C-47A9-B8BA-5067F27FEB4C}.Release|Any CPU.ActiveCfg = Release|Any CPU
		{D715F822-772C-47A9-B8BA-5067F27FEB4C}.Release|Any CPU.Build.0 = Release|Any CPU
		{0F360A91-C497-49C8-9E1C-F1DD9724850B}.Debug|Any CPU.ActiveCfg = Debug|Any CPU
		{0F360A91-C497-49C8-9E1C-F1DD9724850B}.Debug|Any CPU.Build.0 = Debug|Any CPU
		{0F360A91-C497-49C8-9E1C-F1DD9724850B}.Release|Any CPU.ActiveCfg = Release|Any CPU
		{0F360A91-C497-49C8-9E1C-F1DD9724850B}.Release|Any CPU.Build.0 = Release|Any CPU
		{0A8A2043-10DF-49EE-A78F-4793390A7F50}.Debug|Any CPU.ActiveCfg = Debug|Any CPU
		{0A8A2043-10DF-49EE-A78F-4793390A7F50}.Debug|Any CPU.Build.0 = Debug|Any CPU
		{0A8A2043-10DF-49EE-A78F-4793390A7F50}.Release|Any CPU.ActiveCfg = Release|Any CPU
		{0A8A2043-10DF-49EE-A78F-4793390A7F50}.Release|Any CPU.Build.0 = Release|Any CPU
		{B0A1750F-3120-4EF3-9F3F-C18127BB2FF5}.Debug|Any CPU.ActiveCfg = Debug|Any CPU
		{B0A1750F-3120-4EF3-9F3F-C18127BB2FF5}.Debug|Any CPU.Build.0 = Debug|Any CPU
		{B0A1750F-3120-4EF3-9F3F-C18127BB2FF5}.Release|Any CPU.ActiveCfg = Release|Any CPU
		{B0A1750F-3120-4EF3-9F3F-C18127BB2FF5}.Release|Any CPU.Build.0 = Release|Any CPU
		{878EF494-55C8-4130-9D6C-F405B7EB0099}.Debug|Any CPU.ActiveCfg = Debug|Any CPU
		{878EF494-55C8-4130-9D6C-F405B7EB0099}.Debug|Any CPU.Build.0 = Debug|Any CPU
		{878EF494-55C8-4130-9D6C-F405B7EB0099}.Release|Any CPU.ActiveCfg = Release|Any CPU
		{878EF494-55C8-4130-9D6C-F405B7EB0099}.Release|Any CPU.Build.0 = Release|Any CPU
		{50C97EB4-A94E-45AB-BF66-1F630C3780E0}.Debug|Any CPU.ActiveCfg = Debug|Any CPU
		{50C97EB4-A94E-45AB-BF66-1F630C3780E0}.Debug|Any CPU.Build.0 = Debug|Any CPU
		{50C97EB4-A94E-45AB-BF66-1F630C3780E0}.Release|Any CPU.ActiveCfg = Release|Any CPU
		{50C97EB4-A94E-45AB-BF66-1F630C3780E0}.Release|Any CPU.Build.0 = Release|Any CPU
		{5EE6AE24-FA50-4A25-83A5-615BD5489EE0}.Debug|Any CPU.ActiveCfg = Debug|Any CPU
		{5EE6AE24-FA50-4A25-83A5-615BD5489EE0}.Debug|Any CPU.Build.0 = Debug|Any CPU
		{5EE6AE24-FA50-4A25-83A5-615BD5489EE0}.Release|Any CPU.ActiveCfg = Release|Any CPU
		{5EE6AE24-FA50-4A25-83A5-615BD5489EE0}.Release|Any CPU.Build.0 = Release|Any CPU
		{2A4EF249-B642-4276-B331-64C1EA1EF1AE}.Debug|Any CPU.ActiveCfg = Debug|Any CPU
		{2A4EF249-B642-4276-B331-64C1EA1EF1AE}.Debug|Any CPU.Build.0 = Debug|Any CPU
		{2A4EF249-B642-4276-B331-64C1EA1EF1AE}.Release|Any CPU.ActiveCfg = Release|Any CPU
		{2A4EF249-B642-4276-B331-64C1EA1EF1AE}.Release|Any CPU.Build.0 = Release|Any CPU
		{704300D2-716C-47FF-888B-913A7AA88C40}.Debug|Any CPU.ActiveCfg = Debug|Any CPU
		{704300D2-716C-47FF-888B-913A7AA88C40}.Debug|Any CPU.Build.0 = Debug|Any CPU
		{704300D2-716C-47FF-888B-913A7AA88C40}.Release|Any CPU.ActiveCfg = Release|Any CPU
		{704300D2-716C-47FF-888B-913A7AA88C40}.Release|Any CPU.Build.0 = Release|Any CPU
		{5BFFC581-852F-49E7-9B86-6A3ECC41FA0D}.Debug|Any CPU.ActiveCfg = Debug|Any CPU
		{5BFFC581-852F-49E7-9B86-6A3ECC41FA0D}.Debug|Any CPU.Build.0 = Debug|Any CPU
		{5BFFC581-852F-49E7-9B86-6A3ECC41FA0D}.Release|Any CPU.ActiveCfg = Release|Any CPU
		{5BFFC581-852F-49E7-9B86-6A3ECC41FA0D}.Release|Any CPU.Build.0 = Release|Any CPU
		{78652E15-75DC-469A-940E-94CBE1EC1D23}.Debug|Any CPU.ActiveCfg = Debug|Any CPU
		{78652E15-75DC-469A-940E-94CBE1EC1D23}.Debug|Any CPU.Build.0 = Debug|Any CPU
		{78652E15-75DC-469A-940E-94CBE1EC1D23}.Release|Any CPU.ActiveCfg = Release|Any CPU
		{78652E15-75DC-469A-940E-94CBE1EC1D23}.Release|Any CPU.Build.0 = Release|Any CPU
		{A9592BCF-B761-44ED-9E51-961D8254FA3A}.Debug|Any CPU.ActiveCfg = Debug|Any CPU
		{A9592BCF-B761-44ED-9E51-961D8254FA3A}.Debug|Any CPU.Build.0 = Debug|Any CPU
		{A9592BCF-B761-44ED-9E51-961D8254FA3A}.Release|Any CPU.ActiveCfg = Release|Any CPU
		{A9592BCF-B761-44ED-9E51-961D8254FA3A}.Release|Any CPU.Build.0 = Release|Any CPU
		{492A6A59-182D-4600-B2D6-FEF908739A9A}.Debug|Any CPU.ActiveCfg = Debug|Any CPU
		{492A6A59-182D-4600-B2D6-FEF908739A9A}.Debug|Any CPU.Build.0 = Debug|Any CPU
		{492A6A59-182D-4600-B2D6-FEF908739A9A}.Release|Any CPU.ActiveCfg = Release|Any CPU
		{492A6A59-182D-4600-B2D6-FEF908739A9A}.Release|Any CPU.Build.0 = Release|Any CPU
		{DD24288C-477F-4B78-96A4-06752D081310}.Debug|Any CPU.ActiveCfg = Debug|Any CPU
		{DD24288C-477F-4B78-96A4-06752D081310}.Debug|Any CPU.Build.0 = Debug|Any CPU
		{DD24288C-477F-4B78-96A4-06752D081310}.Release|Any CPU.ActiveCfg = Release|Any CPU
		{DD24288C-477F-4B78-96A4-06752D081310}.Release|Any CPU.Build.0 = Release|Any CPU
		{EF9342F8-E5E3-4AF5-948D-5F0CCF9F7FF5}.Debug|Any CPU.ActiveCfg = Debug|Any CPU
		{EF9342F8-E5E3-4AF5-948D-5F0CCF9F7FF5}.Debug|Any CPU.Build.0 = Debug|Any CPU
		{EF9342F8-E5E3-4AF5-948D-5F0CCF9F7FF5}.Release|Any CPU.ActiveCfg = Release|Any CPU
		{EF9342F8-E5E3-4AF5-948D-5F0CCF9F7FF5}.Release|Any CPU.Build.0 = Release|Any CPU
		{5132D53C-F930-4AF0-87BD-13033A2F41C6}.Debug|Any CPU.ActiveCfg = Debug|Any CPU
		{5132D53C-F930-4AF0-87BD-13033A2F41C6}.Debug|Any CPU.Build.0 = Debug|Any CPU
		{5132D53C-F930-4AF0-87BD-13033A2F41C6}.Release|Any CPU.ActiveCfg = Release|Any CPU
		{5132D53C-F930-4AF0-87BD-13033A2F41C6}.Release|Any CPU.Build.0 = Release|Any CPU
		{92ECB858-71D9-4E1E-9B5A-AF49E19DA4FB}.Debug|Any CPU.ActiveCfg = Debug|Any CPU
		{92ECB858-71D9-4E1E-9B5A-AF49E19DA4FB}.Debug|Any CPU.Build.0 = Debug|Any CPU
		{92ECB858-71D9-4E1E-9B5A-AF49E19DA4FB}.Release|Any CPU.ActiveCfg = Release|Any CPU
		{92ECB858-71D9-4E1E-9B5A-AF49E19DA4FB}.Release|Any CPU.Build.0 = Release|Any CPU
		{6F4DF29A-96A0-4D96-AD52-21594FE9BA6A}.Debug|Any CPU.ActiveCfg = Debug|Any CPU
		{6F4DF29A-96A0-4D96-AD52-21594FE9BA6A}.Debug|Any CPU.Build.0 = Debug|Any CPU
		{6F4DF29A-96A0-4D96-AD52-21594FE9BA6A}.Release|Any CPU.ActiveCfg = Release|Any CPU
		{6F4DF29A-96A0-4D96-AD52-21594FE9BA6A}.Release|Any CPU.Build.0 = Release|Any CPU
		{382E95B8-11D4-41FE-85B6-94F5D53FFA94}.Debug|Any CPU.ActiveCfg = Debug|Any CPU
		{382E95B8-11D4-41FE-85B6-94F5D53FFA94}.Debug|Any CPU.Build.0 = Debug|Any CPU
		{382E95B8-11D4-41FE-85B6-94F5D53FFA94}.Release|Any CPU.ActiveCfg = Release|Any CPU
		{382E95B8-11D4-41FE-85B6-94F5D53FFA94}.Release|Any CPU.Build.0 = Release|Any CPU
		{BB2E4494-71C8-4EF3-9826-47FEBCCB1834}.Debug|Any CPU.ActiveCfg = Debug|Any CPU
		{BB2E4494-71C8-4EF3-9826-47FEBCCB1834}.Debug|Any CPU.Build.0 = Debug|Any CPU
		{BB2E4494-71C8-4EF3-9826-47FEBCCB1834}.Release|Any CPU.ActiveCfg = Release|Any CPU
		{BB2E4494-71C8-4EF3-9826-47FEBCCB1834}.Release|Any CPU.Build.0 = Release|Any CPU
		{E9DCBF7D-190C-4152-A79B-7B00BBC4A19C}.Debug|Any CPU.ActiveCfg = Debug|Any CPU
		{E9DCBF7D-190C-4152-A79B-7B00BBC4A19C}.Debug|Any CPU.Build.0 = Debug|Any CPU
		{E9DCBF7D-190C-4152-A79B-7B00BBC4A19C}.Release|Any CPU.ActiveCfg = Release|Any CPU
		{E9DCBF7D-190C-4152-A79B-7B00BBC4A19C}.Release|Any CPU.Build.0 = Release|Any CPU
		{F4A34434-4A7A-4C58-A1C4-05A04431D99C}.Debug|Any CPU.ActiveCfg = Debug|Any CPU
		{F4A34434-4A7A-4C58-A1C4-05A04431D99C}.Debug|Any CPU.Build.0 = Debug|Any CPU
		{F4A34434-4A7A-4C58-A1C4-05A04431D99C}.Release|Any CPU.ActiveCfg = Release|Any CPU
		{F4A34434-4A7A-4C58-A1C4-05A04431D99C}.Release|Any CPU.Build.0 = Release|Any CPU
		{6EA0E569-8A3A-404C-9DEE-55368F026AD1}.Debug|Any CPU.ActiveCfg = Debug|Any CPU
		{6EA0E569-8A3A-404C-9DEE-55368F026AD1}.Debug|Any CPU.Build.0 = Debug|Any CPU
		{6EA0E569-8A3A-404C-9DEE-55368F026AD1}.Release|Any CPU.ActiveCfg = Release|Any CPU
		{6EA0E569-8A3A-404C-9DEE-55368F026AD1}.Release|Any CPU.Build.0 = Release|Any CPU
		{ED565502-EA78-4E77-9CE9-D0CE4C7FB6D5}.Debug|Any CPU.ActiveCfg = Debug|Any CPU
		{ED565502-EA78-4E77-9CE9-D0CE4C7FB6D5}.Debug|Any CPU.Build.0 = Debug|Any CPU
		{ED565502-EA78-4E77-9CE9-D0CE4C7FB6D5}.Release|Any CPU.ActiveCfg = Release|Any CPU
		{ED565502-EA78-4E77-9CE9-D0CE4C7FB6D5}.Release|Any CPU.Build.0 = Release|Any CPU
		{8A1A9088-34A3-459C-8C55-CA5D5226D650}.Debug|Any CPU.ActiveCfg = Debug|Any CPU
		{8A1A9088-34A3-459C-8C55-CA5D5226D650}.Debug|Any CPU.Build.0 = Debug|Any CPU
		{8A1A9088-34A3-459C-8C55-CA5D5226D650}.Release|Any CPU.ActiveCfg = Release|Any CPU
		{8A1A9088-34A3-459C-8C55-CA5D5226D650}.Release|Any CPU.Build.0 = Release|Any CPU
		{BCF76848-08F9-43EB-AAB2-DE9F166A74FD}.Debug|Any CPU.ActiveCfg = Debug|Any CPU
		{BCF76848-08F9-43EB-AAB2-DE9F166A74FD}.Debug|Any CPU.Build.0 = Debug|Any CPU
		{BCF76848-08F9-43EB-AAB2-DE9F166A74FD}.Release|Any CPU.ActiveCfg = Release|Any CPU
		{BCF76848-08F9-43EB-AAB2-DE9F166A74FD}.Release|Any CPU.Build.0 = Release|Any CPU
		{5A1B0253-EC3D-47E8-85B5-8C2E00810AA0}.Debug|Any CPU.ActiveCfg = Debug|Any CPU
		{5A1B0253-EC3D-47E8-85B5-8C2E00810AA0}.Debug|Any CPU.Build.0 = Debug|Any CPU
		{5A1B0253-EC3D-47E8-85B5-8C2E00810AA0}.Release|Any CPU.ActiveCfg = Release|Any CPU
		{5A1B0253-EC3D-47E8-85B5-8C2E00810AA0}.Release|Any CPU.Build.0 = Release|Any CPU
		{EC362AD6-3313-404B-90A7-40CA9568B1A4}.Debug|Any CPU.ActiveCfg = Debug|Any CPU
		{EC362AD6-3313-404B-90A7-40CA9568B1A4}.Debug|Any CPU.Build.0 = Debug|Any CPU
		{EC362AD6-3313-404B-90A7-40CA9568B1A4}.Release|Any CPU.ActiveCfg = Release|Any CPU
		{EC362AD6-3313-404B-90A7-40CA9568B1A4}.Release|Any CPU.Build.0 = Release|Any CPU
		{235CCF45-7FCE-4C9F-B8BA-F3CAC26E1E80}.Debug|Any CPU.ActiveCfg = Debug|Any CPU
		{235CCF45-7FCE-4C9F-B8BA-F3CAC26E1E80}.Debug|Any CPU.Build.0 = Debug|Any CPU
		{235CCF45-7FCE-4C9F-B8BA-F3CAC26E1E80}.Release|Any CPU.ActiveCfg = Release|Any CPU
		{235CCF45-7FCE-4C9F-B8BA-F3CAC26E1E80}.Release|Any CPU.Build.0 = Release|Any CPU
		{8BD4E365-2D36-4B11-A8C1-8AD3C6192234}.Debug|Any CPU.ActiveCfg = Debug|Any CPU
		{8BD4E365-2D36-4B11-A8C1-8AD3C6192234}.Debug|Any CPU.Build.0 = Debug|Any CPU
		{8BD4E365-2D36-4B11-A8C1-8AD3C6192234}.Release|Any CPU.ActiveCfg = Release|Any CPU
		{8BD4E365-2D36-4B11-A8C1-8AD3C6192234}.Release|Any CPU.Build.0 = Release|Any CPU
		{5FE3FA16-8650-41CA-89B3-0CE0492F1F9C}.Debug|Any CPU.ActiveCfg = Debug|Any CPU
		{5FE3FA16-8650-41CA-89B3-0CE0492F1F9C}.Debug|Any CPU.Build.0 = Debug|Any CPU
		{5FE3FA16-8650-41CA-89B3-0CE0492F1F9C}.Release|Any CPU.ActiveCfg = Release|Any CPU
		{5FE3FA16-8650-41CA-89B3-0CE0492F1F9C}.Release|Any CPU.Build.0 = Release|Any CPU
		{598557DA-D5FD-4EBF-86DC-57ACB5B25935}.Debug|Any CPU.ActiveCfg = Debug|Any CPU
		{598557DA-D5FD-4EBF-86DC-57ACB5B25935}.Debug|Any CPU.Build.0 = Debug|Any CPU
		{598557DA-D5FD-4EBF-86DC-57ACB5B25935}.Release|Any CPU.ActiveCfg = Release|Any CPU
		{598557DA-D5FD-4EBF-86DC-57ACB5B25935}.Release|Any CPU.Build.0 = Release|Any CPU
		{6B50E4E3-B80C-416E-9089-503031CF09B7}.Debug|Any CPU.ActiveCfg = Debug|Any CPU
		{6B50E4E3-B80C-416E-9089-503031CF09B7}.Debug|Any CPU.Build.0 = Debug|Any CPU
		{6B50E4E3-B80C-416E-9089-503031CF09B7}.Release|Any CPU.ActiveCfg = Release|Any CPU
		{6B50E4E3-B80C-416E-9089-503031CF09B7}.Release|Any CPU.Build.0 = Release|Any CPU
		{7A7AA647-6CC7-4889-94A1-D1824569B9F0}.Debug|Any CPU.ActiveCfg = Debug|Any CPU
		{7A7AA647-6CC7-4889-94A1-D1824569B9F0}.Debug|Any CPU.Build.0 = Debug|Any CPU
		{7A7AA647-6CC7-4889-94A1-D1824569B9F0}.Release|Any CPU.ActiveCfg = Release|Any CPU
		{7A7AA647-6CC7-4889-94A1-D1824569B9F0}.Release|Any CPU.Build.0 = Release|Any CPU
		{386D7452-8C59-4121-8CFE-43260A2A35B8}.Debug|Any CPU.ActiveCfg = Debug|Any CPU
		{386D7452-8C59-4121-8CFE-43260A2A35B8}.Debug|Any CPU.Build.0 = Debug|Any CPU
		{386D7452-8C59-4121-8CFE-43260A2A35B8}.Release|Any CPU.ActiveCfg = Release|Any CPU
		{386D7452-8C59-4121-8CFE-43260A2A35B8}.Release|Any CPU.Build.0 = Release|Any CPU
		{8F19FD3C-C067-4548-9A50-1730FF082F36}.Debug|Any CPU.ActiveCfg = Debug|Any CPU
		{8F19FD3C-C067-4548-9A50-1730FF082F36}.Debug|Any CPU.Build.0 = Debug|Any CPU
		{8F19FD3C-C067-4548-9A50-1730FF082F36}.Release|Any CPU.ActiveCfg = Release|Any CPU
		{8F19FD3C-C067-4548-9A50-1730FF082F36}.Release|Any CPU.Build.0 = Release|Any CPU
		{C8849F72-9B01-4185-AF64-CE1DB99D7C76}.Debug|Any CPU.ActiveCfg = Debug|Any CPU
		{C8849F72-9B01-4185-AF64-CE1DB99D7C76}.Debug|Any CPU.Build.0 = Debug|Any CPU
		{C8849F72-9B01-4185-AF64-CE1DB99D7C76}.Release|Any CPU.ActiveCfg = Release|Any CPU
		{C8849F72-9B01-4185-AF64-CE1DB99D7C76}.Release|Any CPU.Build.0 = Release|Any CPU
		{AE8A9651-1EE3-40C6-8015-AF92AD4A026A}.Debug|Any CPU.ActiveCfg = Debug|Any CPU
		{AE8A9651-1EE3-40C6-8015-AF92AD4A026A}.Debug|Any CPU.Build.0 = Debug|Any CPU
		{AE8A9651-1EE3-40C6-8015-AF92AD4A026A}.Release|Any CPU.ActiveCfg = Release|Any CPU
		{AE8A9651-1EE3-40C6-8015-AF92AD4A026A}.Release|Any CPU.Build.0 = Release|Any CPU
		{B0CD3CC8-920D-457D-9708-33F2DBD7C568}.Debug|Any CPU.ActiveCfg = Debug|Any CPU
		{B0CD3CC8-920D-457D-9708-33F2DBD7C568}.Debug|Any CPU.Build.0 = Debug|Any CPU
		{B0CD3CC8-920D-457D-9708-33F2DBD7C568}.Release|Any CPU.ActiveCfg = Release|Any CPU
		{B0CD3CC8-920D-457D-9708-33F2DBD7C568}.Release|Any CPU.Build.0 = Release|Any CPU
		{67C30017-8172-497D-8566-F2ACC88D6922}.Debug|Any CPU.ActiveCfg = Debug|Any CPU
		{67C30017-8172-497D-8566-F2ACC88D6922}.Debug|Any CPU.Build.0 = Debug|Any CPU
		{67C30017-8172-497D-8566-F2ACC88D6922}.Release|Any CPU.ActiveCfg = Release|Any CPU
		{67C30017-8172-497D-8566-F2ACC88D6922}.Release|Any CPU.Build.0 = Release|Any CPU
		{D00EEC29-AF31-4F4F-B895-E8F3AFACF849}.Debug|Any CPU.ActiveCfg = Debug|Any CPU
		{D00EEC29-AF31-4F4F-B895-E8F3AFACF849}.Debug|Any CPU.Build.0 = Debug|Any CPU
		{D00EEC29-AF31-4F4F-B895-E8F3AFACF849}.Release|Any CPU.ActiveCfg = Release|Any CPU
		{D00EEC29-AF31-4F4F-B895-E8F3AFACF849}.Release|Any CPU.Build.0 = Release|Any CPU
		{946B99ED-F6C8-4405-93AE-E3A9E5AC12B2}.Debug|Any CPU.ActiveCfg = Debug|Any CPU
		{946B99ED-F6C8-4405-93AE-E3A9E5AC12B2}.Debug|Any CPU.Build.0 = Debug|Any CPU
		{946B99ED-F6C8-4405-93AE-E3A9E5AC12B2}.Release|Any CPU.ActiveCfg = Release|Any CPU
		{946B99ED-F6C8-4405-93AE-E3A9E5AC12B2}.Release|Any CPU.Build.0 = Release|Any CPU
		{71545152-6866-49F6-AEB7-22C68F99F241}.Debug|Any CPU.ActiveCfg = Debug|Any CPU
		{71545152-6866-49F6-AEB7-22C68F99F241}.Debug|Any CPU.Build.0 = Debug|Any CPU
		{71545152-6866-49F6-AEB7-22C68F99F241}.Release|Any CPU.ActiveCfg = Release|Any CPU
		{71545152-6866-49F6-AEB7-22C68F99F241}.Release|Any CPU.Build.0 = Release|Any CPU
		{9C328A32-47AB-42DA-A747-6F11240A94B2}.Debug|Any CPU.ActiveCfg = Debug|Any CPU
		{9C328A32-47AB-42DA-A747-6F11240A94B2}.Debug|Any CPU.Build.0 = Debug|Any CPU
		{9C328A32-47AB-42DA-A747-6F11240A94B2}.Release|Any CPU.ActiveCfg = Release|Any CPU
		{9C328A32-47AB-42DA-A747-6F11240A94B2}.Release|Any CPU.Build.0 = Release|Any CPU
		{87B35913-BF68-4E97-9FFD-0C71362240E7}.Debug|Any CPU.ActiveCfg = Debug|Any CPU
		{87B35913-BF68-4E97-9FFD-0C71362240E7}.Debug|Any CPU.Build.0 = Debug|Any CPU
		{87B35913-BF68-4E97-9FFD-0C71362240E7}.Release|Any CPU.ActiveCfg = Release|Any CPU
		{87B35913-BF68-4E97-9FFD-0C71362240E7}.Release|Any CPU.Build.0 = Release|Any CPU
		{B38D4122-F232-4C31-A842-688FCD6A57EC}.Debug|Any CPU.ActiveCfg = Debug|Any CPU
		{B38D4122-F232-4C31-A842-688FCD6A57EC}.Debug|Any CPU.Build.0 = Debug|Any CPU
		{B38D4122-F232-4C31-A842-688FCD6A57EC}.Release|Any CPU.ActiveCfg = Release|Any CPU
		{B38D4122-F232-4C31-A842-688FCD6A57EC}.Release|Any CPU.Build.0 = Release|Any CPU
		{752F692F-D634-4727-8D26-B1A9549C2AFF}.Debug|Any CPU.ActiveCfg = Debug|Any CPU
		{752F692F-D634-4727-8D26-B1A9549C2AFF}.Debug|Any CPU.Build.0 = Debug|Any CPU
		{752F692F-D634-4727-8D26-B1A9549C2AFF}.Release|Any CPU.ActiveCfg = Release|Any CPU
		{752F692F-D634-4727-8D26-B1A9549C2AFF}.Release|Any CPU.Build.0 = Release|Any CPU
		{77624063-83B1-45BE-B8A0-F1EBE02294BE}.Debug|Any CPU.ActiveCfg = Debug|Any CPU
		{77624063-83B1-45BE-B8A0-F1EBE02294BE}.Debug|Any CPU.Build.0 = Debug|Any CPU
		{77624063-83B1-45BE-B8A0-F1EBE02294BE}.Release|Any CPU.ActiveCfg = Release|Any CPU
		{77624063-83B1-45BE-B8A0-F1EBE02294BE}.Release|Any CPU.Build.0 = Release|Any CPU
		{D328AA53-A5D1-4798-A4F5-452485676A2E}.Debug|Any CPU.ActiveCfg = Debug|Any CPU
		{D328AA53-A5D1-4798-A4F5-452485676A2E}.Debug|Any CPU.Build.0 = Debug|Any CPU
		{D328AA53-A5D1-4798-A4F5-452485676A2E}.Release|Any CPU.ActiveCfg = Release|Any CPU
		{D328AA53-A5D1-4798-A4F5-452485676A2E}.Release|Any CPU.Build.0 = Release|Any CPU
		{27A6BCED-FB97-41A6-BDA7-B958D58D5521}.Debug|Any CPU.ActiveCfg = Debug|Any CPU
		{27A6BCED-FB97-41A6-BDA7-B958D58D5521}.Debug|Any CPU.Build.0 = Debug|Any CPU
		{27A6BCED-FB97-41A6-BDA7-B958D58D5521}.Release|Any CPU.ActiveCfg = Release|Any CPU
		{27A6BCED-FB97-41A6-BDA7-B958D58D5521}.Release|Any CPU.Build.0 = Release|Any CPU
		{35DC84A5-718C-416D-A4E3-FD3FDA86B97A}.Debug|Any CPU.ActiveCfg = Debug|Any CPU
		{35DC84A5-718C-416D-A4E3-FD3FDA86B97A}.Debug|Any CPU.Build.0 = Debug|Any CPU
		{35DC84A5-718C-416D-A4E3-FD3FDA86B97A}.Release|Any CPU.ActiveCfg = Release|Any CPU
		{35DC84A5-718C-416D-A4E3-FD3FDA86B97A}.Release|Any CPU.Build.0 = Release|Any CPU
		{25239F09-62FE-4EEF-B310-759D6A0422AD}.Debug|Any CPU.ActiveCfg = Debug|Any CPU
		{25239F09-62FE-4EEF-B310-759D6A0422AD}.Debug|Any CPU.Build.0 = Debug|Any CPU
		{25239F09-62FE-4EEF-B310-759D6A0422AD}.Release|Any CPU.ActiveCfg = Release|Any CPU
		{25239F09-62FE-4EEF-B310-759D6A0422AD}.Release|Any CPU.Build.0 = Release|Any CPU
		{B2C3EABC-E527-4FB7-B1FB-A53E275D0A43}.Debug|Any CPU.ActiveCfg = Debug|Any CPU
		{B2C3EABC-E527-4FB7-B1FB-A53E275D0A43}.Debug|Any CPU.Build.0 = Debug|Any CPU
		{B2C3EABC-E527-4FB7-B1FB-A53E275D0A43}.Release|Any CPU.ActiveCfg = Release|Any CPU
		{B2C3EABC-E527-4FB7-B1FB-A53E275D0A43}.Release|Any CPU.Build.0 = Release|Any CPU
		{5BABE266-F0FE-4E34-97A0-9445D0D5655D}.Debug|Any CPU.ActiveCfg = Debug|Any CPU
		{5BABE266-F0FE-4E34-97A0-9445D0D5655D}.Debug|Any CPU.Build.0 = Debug|Any CPU
		{5BABE266-F0FE-4E34-97A0-9445D0D5655D}.Release|Any CPU.ActiveCfg = Release|Any CPU
		{5BABE266-F0FE-4E34-97A0-9445D0D5655D}.Release|Any CPU.Build.0 = Release|Any CPU
		{5DA90F91-0897-4656-B27B-68381E280614}.Debug|Any CPU.ActiveCfg = Debug|Any CPU
		{5DA90F91-0897-4656-B27B-68381E280614}.Debug|Any CPU.Build.0 = Debug|Any CPU
		{5DA90F91-0897-4656-B27B-68381E280614}.Release|Any CPU.ActiveCfg = Release|Any CPU
		{5DA90F91-0897-4656-B27B-68381E280614}.Release|Any CPU.Build.0 = Release|Any CPU
		{8ADD9168-74F8-4E77-AF6D-E891E750644D}.Debug|Any CPU.ActiveCfg = Debug|Any CPU
		{8ADD9168-74F8-4E77-AF6D-E891E750644D}.Debug|Any CPU.Build.0 = Debug|Any CPU
		{8ADD9168-74F8-4E77-AF6D-E891E750644D}.Release|Any CPU.ActiveCfg = Release|Any CPU
		{8ADD9168-74F8-4E77-AF6D-E891E750644D}.Release|Any CPU.Build.0 = Release|Any CPU
		{85B42CF5-5233-4B9F-B43C-F6FB5A9AF3A7}.Debug|Any CPU.ActiveCfg = Debug|Any CPU
		{85B42CF5-5233-4B9F-B43C-F6FB5A9AF3A7}.Debug|Any CPU.Build.0 = Debug|Any CPU
		{85B42CF5-5233-4B9F-B43C-F6FB5A9AF3A7}.Release|Any CPU.ActiveCfg = Release|Any CPU
		{85B42CF5-5233-4B9F-B43C-F6FB5A9AF3A7}.Release|Any CPU.Build.0 = Release|Any CPU
		{BA93F433-726E-4F92-8A50-25D457B7F8FA}.Debug|Any CPU.ActiveCfg = Debug|Any CPU
		{BA93F433-726E-4F92-8A50-25D457B7F8FA}.Debug|Any CPU.Build.0 = Debug|Any CPU
		{BA93F433-726E-4F92-8A50-25D457B7F8FA}.Release|Any CPU.ActiveCfg = Release|Any CPU
		{BA93F433-726E-4F92-8A50-25D457B7F8FA}.Release|Any CPU.Build.0 = Release|Any CPU
		{0C3C7D09-30A7-47F1-8034-B24EB1294D66}.Debug|Any CPU.ActiveCfg = Debug|Any CPU
		{0C3C7D09-30A7-47F1-8034-B24EB1294D66}.Debug|Any CPU.Build.0 = Debug|Any CPU
		{0C3C7D09-30A7-47F1-8034-B24EB1294D66}.Release|Any CPU.ActiveCfg = Release|Any CPU
		{0C3C7D09-30A7-47F1-8034-B24EB1294D66}.Release|Any CPU.Build.0 = Release|Any CPU
		{5C49C681-069A-4718-BA47-4416DEB47B16}.Debug|Any CPU.ActiveCfg = Debug|Any CPU
		{5C49C681-069A-4718-BA47-4416DEB47B16}.Debug|Any CPU.Build.0 = Debug|Any CPU
		{5C49C681-069A-4718-BA47-4416DEB47B16}.Release|Any CPU.ActiveCfg = Release|Any CPU
		{5C49C681-069A-4718-BA47-4416DEB47B16}.Release|Any CPU.Build.0 = Release|Any CPU
		{37BC20B1-1DAF-4DE6-9A16-4493A1886047}.Debug|Any CPU.ActiveCfg = Debug|Any CPU
		{37BC20B1-1DAF-4DE6-9A16-4493A1886047}.Debug|Any CPU.Build.0 = Debug|Any CPU
		{37BC20B1-1DAF-4DE6-9A16-4493A1886047}.Release|Any CPU.ActiveCfg = Release|Any CPU
		{37BC20B1-1DAF-4DE6-9A16-4493A1886047}.Release|Any CPU.Build.0 = Release|Any CPU
		{80475A1E-C824-4CE9-9073-599EC1AA9B9E}.Debug|Any CPU.ActiveCfg = Debug|Any CPU
		{80475A1E-C824-4CE9-9073-599EC1AA9B9E}.Debug|Any CPU.Build.0 = Debug|Any CPU
		{80475A1E-C824-4CE9-9073-599EC1AA9B9E}.Release|Any CPU.ActiveCfg = Release|Any CPU
		{80475A1E-C824-4CE9-9073-599EC1AA9B9E}.Release|Any CPU.Build.0 = Release|Any CPU
		{C6B345EB-425E-4D88-9CEE-A9B82D36593D}.Debug|Any CPU.ActiveCfg = Debug|Any CPU
		{C6B345EB-425E-4D88-9CEE-A9B82D36593D}.Debug|Any CPU.Build.0 = Debug|Any CPU
		{C6B345EB-425E-4D88-9CEE-A9B82D36593D}.Release|Any CPU.ActiveCfg = Release|Any CPU
		{C6B345EB-425E-4D88-9CEE-A9B82D36593D}.Release|Any CPU.Build.0 = Release|Any CPU
		{5B0739CA-6BE6-4FFC-ADD0-922A60C180A7}.Debug|Any CPU.ActiveCfg = Debug|Any CPU
		{5B0739CA-6BE6-4FFC-ADD0-922A60C180A7}.Debug|Any CPU.Build.0 = Debug|Any CPU
		{5B0739CA-6BE6-4FFC-ADD0-922A60C180A7}.Release|Any CPU.ActiveCfg = Release|Any CPU
		{5B0739CA-6BE6-4FFC-ADD0-922A60C180A7}.Release|Any CPU.Build.0 = Release|Any CPU
	EndGlobalSection
	GlobalSection(SolutionProperties) = preSolution
		HideSolutionNode = FALSE
	EndGlobalSection
	GlobalSection(NestedProjects) = preSolution
		{391BA4F3-B721-49F0-A2C9-23EE672290D6} = {941C062D-A68B-42D0-A4B3-7C6AB1052746}
		{D715F822-772C-47A9-B8BA-5067F27FEB4C} = {D873BBE9-AD55-4E01-8081-E8497B3BE4D1}
		{0F360A91-C497-49C8-9E1C-F1DD9724850B} = {5497E517-82D3-42BC-8765-33EEED30736B}
		{0A8A2043-10DF-49EE-A78F-4793390A7F50} = {5497E517-82D3-42BC-8765-33EEED30736B}
		{B0A1750F-3120-4EF3-9F3F-C18127BB2FF5} = {D873BBE9-AD55-4E01-8081-E8497B3BE4D1}
		{878EF494-55C8-4130-9D6C-F405B7EB0099} = {D873BBE9-AD55-4E01-8081-E8497B3BE4D1}
		{50C97EB4-A94E-45AB-BF66-1F630C3780E0} = {D873BBE9-AD55-4E01-8081-E8497B3BE4D1}
		{5EE6AE24-FA50-4A25-83A5-615BD5489EE0} = {D873BBE9-AD55-4E01-8081-E8497B3BE4D1}
		{2A4EF249-B642-4276-B331-64C1EA1EF1AE} = {5497E517-82D3-42BC-8765-33EEED30736B}
		{704300D2-716C-47FF-888B-913A7AA88C40} = {5497E517-82D3-42BC-8765-33EEED30736B}
		{5BFFC581-852F-49E7-9B86-6A3ECC41FA0D} = {5497E517-82D3-42BC-8765-33EEED30736B}
		{78652E15-75DC-469A-940E-94CBE1EC1D23} = {5497E517-82D3-42BC-8765-33EEED30736B}
		{A9592BCF-B761-44ED-9E51-961D8254FA3A} = {5497E517-82D3-42BC-8765-33EEED30736B}
		{492A6A59-182D-4600-B2D6-FEF908739A9A} = {5497E517-82D3-42BC-8765-33EEED30736B}
		{DD24288C-477F-4B78-96A4-06752D081310} = {449561B5-3EBB-4191-A096-3917460F7B30}
		{EF9342F8-E5E3-4AF5-948D-5F0CCF9F7FF5} = {A5BC6944-C7EE-4942-B5D4-B4B5D32DCC28}
		{5132D53C-F930-4AF0-87BD-13033A2F41C6} = {6CED18E8-917E-4DDB-B3EF-46AC5785AE9C}
		{92ECB858-71D9-4E1E-9B5A-AF49E19DA4FB} = {6CED18E8-917E-4DDB-B3EF-46AC5785AE9C}
		{6F4DF29A-96A0-4D96-AD52-21594FE9BA6A} = {6CED18E8-917E-4DDB-B3EF-46AC5785AE9C}
		{382E95B8-11D4-41FE-85B6-94F5D53FFA94} = {6CED18E8-917E-4DDB-B3EF-46AC5785AE9C}
		{BB2E4494-71C8-4EF3-9826-47FEBCCB1834} = {6CED18E8-917E-4DDB-B3EF-46AC5785AE9C}
		{E9DCBF7D-190C-4152-A79B-7B00BBC4A19C} = {6CED18E8-917E-4DDB-B3EF-46AC5785AE9C}
		{F4A34434-4A7A-4C58-A1C4-05A04431D99C} = {6CED18E8-917E-4DDB-B3EF-46AC5785AE9C}
		{6EA0E569-8A3A-404C-9DEE-55368F026AD1} = {6CED18E8-917E-4DDB-B3EF-46AC5785AE9C}
		{ED565502-EA78-4E77-9CE9-D0CE4C7FB6D5} = {6CED18E8-917E-4DDB-B3EF-46AC5785AE9C}
		{8A1A9088-34A3-459C-8C55-CA5D5226D650} = {6CED18E8-917E-4DDB-B3EF-46AC5785AE9C}
		{BCF76848-08F9-43EB-AAB2-DE9F166A74FD} = {6CED18E8-917E-4DDB-B3EF-46AC5785AE9C}
		{5A1B0253-EC3D-47E8-85B5-8C2E00810AA0} = {6CED18E8-917E-4DDB-B3EF-46AC5785AE9C}
		{EC362AD6-3313-404B-90A7-40CA9568B1A4} = {6CED18E8-917E-4DDB-B3EF-46AC5785AE9C}
		{235CCF45-7FCE-4C9F-B8BA-F3CAC26E1E80} = {6CED18E8-917E-4DDB-B3EF-46AC5785AE9C}
		{8BD4E365-2D36-4B11-A8C1-8AD3C6192234} = {6CED18E8-917E-4DDB-B3EF-46AC5785AE9C}
		{5FE3FA16-8650-41CA-89B3-0CE0492F1F9C} = {B5DB20EE-FF7A-4AEF-AEF0-F3F33CE023CD}
		{598557DA-D5FD-4EBF-86DC-57ACB5B25935} = {B5DB20EE-FF7A-4AEF-AEF0-F3F33CE023CD}
		{6B50E4E3-B80C-416E-9089-503031CF09B7} = {B5DB20EE-FF7A-4AEF-AEF0-F3F33CE023CD}
		{7A7AA647-6CC7-4889-94A1-D1824569B9F0} = {B5DB20EE-FF7A-4AEF-AEF0-F3F33CE023CD}
		{386D7452-8C59-4121-8CFE-43260A2A35B8} = {B5DB20EE-FF7A-4AEF-AEF0-F3F33CE023CD}
		{8F19FD3C-C067-4548-9A50-1730FF082F36} = {B5DB20EE-FF7A-4AEF-AEF0-F3F33CE023CD}
		{C8849F72-9B01-4185-AF64-CE1DB99D7C76} = {B5DB20EE-FF7A-4AEF-AEF0-F3F33CE023CD}
		{AE8A9651-1EE3-40C6-8015-AF92AD4A026A} = {B5DB20EE-FF7A-4AEF-AEF0-F3F33CE023CD}
		{B0CD3CC8-920D-457D-9708-33F2DBD7C568} = {B5DB20EE-FF7A-4AEF-AEF0-F3F33CE023CD}
		{67C30017-8172-497D-8566-F2ACC88D6922} = {B5DB20EE-FF7A-4AEF-AEF0-F3F33CE023CD}
		{D00EEC29-AF31-4F4F-B895-E8F3AFACF849} = {B5DB20EE-FF7A-4AEF-AEF0-F3F33CE023CD}
		{946B99ED-F6C8-4405-93AE-E3A9E5AC12B2} = {B5DB20EE-FF7A-4AEF-AEF0-F3F33CE023CD}
		{71545152-6866-49F6-AEB7-22C68F99F241} = {B5DB20EE-FF7A-4AEF-AEF0-F3F33CE023CD}
		{9C328A32-47AB-42DA-A747-6F11240A94B2} = {B5DB20EE-FF7A-4AEF-AEF0-F3F33CE023CD}
		{87B35913-BF68-4E97-9FFD-0C71362240E7} = {B5DB20EE-FF7A-4AEF-AEF0-F3F33CE023CD}
		{B38D4122-F232-4C31-A842-688FCD6A57EC} = {517E1754-4E44-4C33-A183-86F8B9E12306}
		{752F692F-D634-4727-8D26-B1A9549C2AFF} = {517E1754-4E44-4C33-A183-86F8B9E12306}
		{77624063-83B1-45BE-B8A0-F1EBE02294BE} = {517E1754-4E44-4C33-A183-86F8B9E12306}
		{D328AA53-A5D1-4798-A4F5-452485676A2E} = {517E1754-4E44-4C33-A183-86F8B9E12306}
		{27A6BCED-FB97-41A6-BDA7-B958D58D5521} = {517E1754-4E44-4C33-A183-86F8B9E12306}
		{35DC84A5-718C-416D-A4E3-FD3FDA86B97A} = {517E1754-4E44-4C33-A183-86F8B9E12306}
		{25239F09-62FE-4EEF-B310-759D6A0422AD} = {517E1754-4E44-4C33-A183-86F8B9E12306}
		{B2C3EABC-E527-4FB7-B1FB-A53E275D0A43} = {517E1754-4E44-4C33-A183-86F8B9E12306}
		{5BABE266-F0FE-4E34-97A0-9445D0D5655D} = {517E1754-4E44-4C33-A183-86F8B9E12306}
		{5DA90F91-0897-4656-B27B-68381E280614} = {DCC67476-A810-4E74-9F98-2D2A42E25878}
		{8ADD9168-74F8-4E77-AF6D-E891E750644D} = {DCC67476-A810-4E74-9F98-2D2A42E25878}
		{85B42CF5-5233-4B9F-B43C-F6FB5A9AF3A7} = {0D4E7EAB-84CA-43CF-ABF9-C782F836928C}
		{BA93F433-726E-4F92-8A50-25D457B7F8FA} = {0E423CA7-8389-4C3A-A9A5-011D54AA2D0E}
		{0C3C7D09-30A7-47F1-8034-B24EB1294D66} = {0AB0547B-831E-4FF6-AD44-705D6FF232C8}
		{5C49C681-069A-4718-BA47-4416DEB47B16} = {6CED18E8-917E-4DDB-B3EF-46AC5785AE9C}
		{37BC20B1-1DAF-4DE6-9A16-4493A1886047} = {B5DB20EE-FF7A-4AEF-AEF0-F3F33CE023CD}
		{80475A1E-C824-4CE9-9073-599EC1AA9B9E} = {B5DB20EE-FF7A-4AEF-AEF0-F3F33CE023CD}
		{C6B345EB-425E-4D88-9CEE-A9B82D36593D} = {B5DB20EE-FF7A-4AEF-AEF0-F3F33CE023CD}
		{5B0739CA-6BE6-4FFC-ADD0-922A60C180A7} = {B5DB20EE-FF7A-4AEF-AEF0-F3F33CE023CD}
	EndGlobalSection
	GlobalSection(ExtensibilityGlobals) = postSolution
		SolutionGuid = {94846BB7-0EC2-4F13-8489-409BB1766D81}
	EndGlobalSection
EndGlobal
