
Microsoft Visual Studio Solution File, Format Version 12.00
# Visual Studio 15
VisualStudioVersion = 15.0.28010.2036
MinimumVisualStudioVersion = 10.0.40219.1
Project("{FAE04EC0-301F-11D3-BF4B-00C04F79EFBC}") = "Longest word in a string", "Longest word in a string.csproj", "{7957A92A-36DD-4A3B-9D62-E65D30C56EDC}"
EndProject
Global
	GlobalSection(SolutionConfigurationPlatforms) = preSolution
		Debug|Any CPU = Debug|Any CPU
		Release|Any CPU = Release|Any CPU
	EndGlobalSection
	GlobalSection(ProjectConfigurationPlatforms) = postSolution
		{7957A92A-36DD-4A3B-9D62-E65D30C56EDC}.Debug|Any CPU.ActiveCfg = Debug|Any CPU
		{7957A92A-36DD-4A3B-9D62-E65D30C56EDC}.Debug|Any CPU.Build.0 = Debug|Any CPU
		{7957A92A-36DD-4A3B-9D62-E65D30C56EDC}.Release|Any CPU.ActiveCfg = Release|Any CPU
		{7957A92A-36DD-4A3B-9D62-E65D30C56EDC}.Release|Any CPU.Build.0 = Release|Any CPU
	EndGlobalSection
	GlobalSection(SolutionProperties) = preSolution
		HideSolutionNode = FALSE
	EndGlobalSection
	GlobalSection(ExtensibilityGlobals) = postSolution
		SolutionGuid = {0E33E4F4-F92F-4F16-A117-B8C8D2C716D8}
	EndGlobalSection
EndGlobal
